<Solution>
  <Folder Name="/solution/">
    <File Path="AGENTS.md" />
    <File Path="Directory.Build.props" />
    <File Path="Directory.Packages.props" />
    <File Path="README.md" />
  </Folder>
  <Folder Name="/src/">
    <Project Path="src/PrinterControl/PrinterControl.csproj" />
  </Folder>
  <Folder Name="/tests/">
    <Project Path="tests/PrinterControl.Tests/PrinterControl.Tests.csproj" />
  </Folder>
</Solution>
